
Microsoft Visual Studio Solution File, Format Version 12.00
# Visual Studio Version 17
VisualStudioVersion = 17.4.33110.190
MinimumVisualStudioVersion = 10.0.40219.1
Project("{FAE04EC0-301F-11D3-BF4B-00C04F79EFBC}") = "praktikod", "praktikod\praktikod.csproj", "{47E81B76-3975-4B7E-AFF1-C25D45443909}"
EndProject
Global
	GlobalSection(SolutionConfigurationPlatforms) = preSolution
		Debug|Any CPU = Debug|Any CPU
		Release|Any CPU = Release|Any CPU
	EndGlobalSection
	GlobalSection(ProjectConfigurationPlatforms) = postSolution
		{47E81B76-3975-4B7E-AFF1-C25D45443909}.Debug|Any CPU.ActiveCfg = Debug|Any CPU
		{47E81B76-3975-4B7E-AFF1-C25D45443909}.Debug|Any CPU.Build.0 = Debug|Any CPU
		{47E81B76-3975-4B7E-AFF1-C25D45443909}.Release|Any CPU.ActiveCfg = Release|Any CPU
		{47E81B76-3975-4B7E-AFF1-C25D45443909}.Release|Any CPU.Build.0 = Release|Any CPU
	EndGlobalSection
	GlobalSection(SolutionProperties) = preSolution
		HideSolutionNode = FALSE
	EndGlobalSection
	GlobalSection(ExtensibilityGlobals) = postSolution
		SolutionGuid = {7122373A-5C6A-4646-8C56-E573B8FB54DF}
	EndGlobalSection
EndGlobal
